
Microsoft Visual Studio Solution File, Format Version 12.00
# Visual Studio Version 17
VisualStudioVersion = 17.12.35527.113
MinimumVisualStudioVersion = 10.0.40219.1
Project("{FAE04EC0-301F-11D3-BF4B-00C04F79EFBC}") = "SnapManager", "SnapManager.csproj", "{CF6B6D4F-19FD-4EF7-8179-A67A6203CEB6}"
EndProject
Project("{FAE04EC0-301F-11D3-BF4B-00C04F79EFBC}") = "SnapManager.Migrations.NpgsqlServer", "..\SnapManager.Migrations.NpgsqlServer\SnapManager.Migrations.NpgsqlServer.csproj", "{56CA6077-38DD-4AE5-9865-5644242005EF}"
EndProject
Project("{2150E333-8FDC-42A3-9474-1A3956D46DE8}") = "Solution Items", "Solution Items", "{8EC462FD-D22E-90A8-E5CE-7E832BA40C5D}"
	ProjectSection(SolutionItems) = preProject
		README.md = README.md
	EndProjectSection
EndProject
Global
	GlobalSection(SolutionConfigurationPlatforms) = preSolution
		Debug|Any CPU = Debug|Any CPU
		Release|Any CPU = Release|Any CPU
	EndGlobalSection
	GlobalSection(ProjectConfigurationPlatforms) = postSolution
		{CF6B6D4F-19FD-4EF7-8179-A67A6203CEB6}.Debug|Any CPU.ActiveCfg = Debug|Any CPU
		{CF6B6D4F-19FD-4EF7-8179-A67A6203CEB6}.Debug|Any CPU.Build.0 = Debug|Any CPU
		{CF6B6D4F-19FD-4EF7-8179-A67A6203CEB6}.Release|Any CPU.ActiveCfg = Release|Any CPU
		{CF6B6D4F-19FD-4EF7-8179-A67A6203CEB6}.Release|Any CPU.Build.0 = Release|Any CPU
		{56CA6077-38DD-4AE5-9865-5644242005EF}.Debug|Any CPU.ActiveCfg = Debug|Any CPU
		{56CA6077-38DD-4AE5-9865-5644242005EF}.Debug|Any CPU.Build.0 = Debug|Any CPU
		{56CA6077-38DD-4AE5-9865-5644242005EF}.Release|Any CPU.ActiveCfg = Release|Any CPU
		{56CA6077-38DD-4AE5-9865-5644242005EF}.Release|Any CPU.Build.0 = Release|Any CPU
	EndGlobalSection
	GlobalSection(SolutionProperties) = preSolution
		HideSolutionNode = FALSE
	EndGlobalSection
	GlobalSection(ExtensibilityGlobals) = postSolution
		SolutionGuid = {3239F9CE-38BE-46D2-9219-DA657C9EBDF8}
	EndGlobalSection
EndGlobal
